
Microsoft Visual Studio Solution File, Format Version 12.00
# Visual Studio 2012
Project("{2150E333-8FDC-42A3-9474-1A3956D46DE8}") = ".nuget", ".nuget", "{DC0D5690-A2D5-4418-A5B6-29AFBB37293F}"
	ProjectSection(SolutionItems) = preProject
		.nuget\NuGet.Config = .nuget\NuGet.Config
		.nuget\NuGet.exe = .nuget\NuGet.exe
		.nuget\NuGet.targets = .nuget\NuGet.targets
	EndProjectSection
EndProject
Project("{FAE04EC0-301F-11D3-BF4B-00C04F79EFBC}") = "DeveloperAdventures.OffTheShelf", "DeveloperAdventures.OffTheShelf\DeveloperAdventures.OffTheShelf.csproj", "{3E927B99-1329-4726-89EC-D88DA1F3EAF7}"
EndProject
Project("{FAE04EC0-301F-11D3-BF4B-00C04F79EFBC}") = "DeveloperAdventures.OffTheShelf.Tests", "DeveloperAdventures.OffTheShelf.Tests\DeveloperAdventures.OffTheShelf.Tests.csproj", "{35FB0871-C08A-4CF9-82A3-BC96FA45535B}"
EndProject
Global
	GlobalSection(SolutionConfigurationPlatforms) = preSolution
		Debug|Any CPU = Debug|Any CPU
		Release|Any CPU = Release|Any CPU
	EndGlobalSection
	GlobalSection(ProjectConfigurationPlatforms) = postSolution
		{3E927B99-1329-4726-89EC-D88DA1F3EAF7}.Debug|Any CPU.ActiveCfg = Debug|Any CPU
		{3E927B99-1329-4726-89EC-D88DA1F3EAF7}.Debug|Any CPU.Build.0 = Debug|Any CPU
		{3E927B99-1329-4726-89EC-D88DA1F3EAF7}.Release|Any CPU.ActiveCfg = Release|Any CPU
		{3E927B99-1329-4726-89EC-D88DA1F3EAF7}.Release|Any CPU.Build.0 = Release|Any CPU
		{35FB0871-C08A-4CF9-82A3-BC96FA45535B}.Debug|Any CPU.ActiveCfg = Debug|Any CPU
		{35FB0871-C08A-4CF9-82A3-BC96FA45535B}.Debug|Any CPU.Build.0 = Debug|Any CPU
		{35FB0871-C08A-4CF9-82A3-BC96FA45535B}.Release|Any CPU.ActiveCfg = Release|Any CPU
		{35FB0871-C08A-4CF9-82A3-BC96FA45535B}.Release|Any CPU.Build.0 = Release|Any CPU
	EndGlobalSection
	GlobalSection(SolutionProperties) = preSolution
		HideSolutionNode = FALSE
	EndGlobalSection
EndGlobal
